Microsoft Visual Studio Solution File, Format Version 11.00
# Visual Studio 2008

Project("{D2AF31DD-8495-9E33-153B-836385208AF8}") = "CustomUI", "Assembly-CSharp-firstpass-vs.csproj", "{18751842-F1C0-CD05-5027-2533DFBBC53E}"
EndProject
Project("{D2AF31DD-8495-9E33-153B-836385208AF8}") = "CustomUI", "Assembly-CSharp-vs.csproj", "{7C1E8CB5-507F-C189-3CEC-71E7AF7C8EA8}"
EndProject
Project("{D2AF31DD-8495-9E33-153B-836385208AF8}") = "CustomUI", "Assembly-CSharp-Editor-vs.csproj", "{4168F894-D2DE-2C91-B2FC-EC2CE0CF2288}"
EndProject
Global
	GlobalSection(SolutionConfigurationPlatforms) = preSolution
		Debug|Any CPU = Debug|Any CPU
		Release|Any CPU = Release|Any CPU
	EndGlobalSection
	GlobalSection(ProjectConfigurationPlatforms) = postSolution
		{18751842-F1C0-CD05-5027-2533DFBBC53E}.Debug|Any CPU.ActiveCfg = Debug|Any CPU
		{18751842-F1C0-CD05-5027-2533DFBBC53E}.Debug|Any CPU.Build.0 = Debug|Any CPU
		{18751842-F1C0-CD05-5027-2533DFBBC53E}.Release|Any CPU.ActiveCfg = Release|Any CPU
		{18751842-F1C0-CD05-5027-2533DFBBC53E}.Release|Any CPU.Build.0 = Release|Any CPU
		{7C1E8CB5-507F-C189-3CEC-71E7AF7C8EA8}.Debug|Any CPU.ActiveCfg = Debug|Any CPU
		{7C1E8CB5-507F-C189-3CEC-71E7AF7C8EA8}.Debug|Any CPU.Build.0 = Debug|Any CPU
		{7C1E8CB5-507F-C189-3CEC-71E7AF7C8EA8}.Release|Any CPU.ActiveCfg = Release|Any CPU
		{7C1E8CB5-507F-C189-3CEC-71E7AF7C8EA8}.Release|Any CPU.Build.0 = Release|Any CPU
		{4168F894-D2DE-2C91-B2FC-EC2CE0CF2288}.Debug|Any CPU.ActiveCfg = Debug|Any CPU
		{4168F894-D2DE-2C91-B2FC-EC2CE0CF2288}.Debug|Any CPU.Build.0 = Debug|Any CPU
		{4168F894-D2DE-2C91-B2FC-EC2CE0CF2288}.Release|Any CPU.ActiveCfg = Release|Any CPU
		{4168F894-D2DE-2C91-B2FC-EC2CE0CF2288}.Release|Any CPU.Build.0 = Release|Any CPU
	EndGlobalSection
	GlobalSection(SolutionProperties) = preSolution
		HideSolutionNode = FALSE
	EndGlobalSection
																						GlobalSection(MonoDevelopProperties) = preSolution
		StartupItem = Assembly-CSharp.csproj
		Policies = $0
		$0.TextStylePolicy = $1
		$1.inheritsSet = null
		$1.scope = text/x-csharp
		$0.CSharpFormattingPolicy = $2
		$2.inheritsSet = Mono
		$2.inheritsScope = text/x-csharp
		$2.scope = text/x-csharp
		$0.TextStylePolicy = $3
		$3.FileWidth = 120
		$3.TabWidth = 4
		$3.EolMarker = Unix
		$3.inheritsSet = Mono
		$3.inheritsScope = text/plain
		$3.scope = text/plain
	EndGlobalSection

EndGlobal
